// !$*UTF8*$!
{
	archiveVersion = 1;
	classes = {
	};
	objectVersion = 50;
	objects = {

/* Begin PBXBuildFile section */
		222CBA1322036403000864DF /* AppDelegate.swift in Sources */ = {isa = PBXBuildFile; fileRef = 222CBA1222036403000864DF /* AppDelegate.swift */; };
		222CBA1522036403000864DF /* ViewController.swift in Sources */ = {isa = PBXBuildFile; fileRef = 222CBA1422036403000864DF /* ViewController.swift */; };
		222CBA1822036403000864DF /* Main.storyboard in Resources */ = {isa = PBXBuildFile; fileRef = 222CBA1622036403000864DF /* Main.storyboard */; };
		222CBA1A22036405000864DF /* Assets.xcassets in Resources */ = {isa = PBXBuildFile; fileRef = 222CBA1922036405000864DF /* Assets.xcassets */; };
		222CBA1D22036405000864DF /* LaunchScreen.storyboard in Resources */ = {isa = PBXBuildFile; fileRef = 222CBA1B22036405000864DF /* LaunchScreen.storyboard */; };
		222CBA2722036448000864DF /* Ninja.m in Sources */ = {isa = PBXBuildFile; fileRef = 222CBA2622036448000864DF /* Ninja.m */; };
		222CBA292203675E000864DF /* House.swift in Sources */ = {isa = PBXBuildFile; fileRef = 222CBA282203675E000864DF /* House.swift */; };
		222CBA2C220375AA000864DF /* AnimatedView.m in Sources */ = {isa = PBXBuildFile; fileRef = 222CBA2B220375AA000864DF /* AnimatedView.m */; };
		222CBA2E220379FE000864DF /* Weapon.swift in Sources */ = {isa = PBXBuildFile; fileRef = 222CBA2D220379FE000864DF /* Weapon.swift */; };
		A351C2274E5A2B2C97D13700 /* Pods_FindANinja.framework in Frameworks */ = {isa = PBXBuildFile; fileRef = EE2EE4164330FA62AE05D1F1 /* Pods_FindANinja.framework */; };
/* End PBXBuildFile section */

/* Begin PBXFileReference section */
		222CBA0F22036403000864DF /* FindANinja.app */ = {isa = PBXFileReference; explicitFileType = wrapper.application; includeInIndex = 0; path = FindANinja.app; sourceTree = BUILT_PRODUCTS_DIR; };
		222CBA1222036403000864DF /* AppDelegate.swift */ = {isa = PBXFileReference; lastKnownFileType = sourcecode.swift; path = AppDelegate.swift; sourceTree = "<group>"; };
		222CBA1422036403000864DF /* ViewController.swift */ = {isa = PBXFileReference; lastKnownFileType = sourcecode.swift; path = ViewController.swift; sourceTree = "<group>"; };
		222CBA1722036403000864DF /* Base */ = {isa = PBXFileReference; lastKnownFileType = file.storyboard; name = Base; path = Base.lproj/Main.storyboard; sourceTree = "<group>"; };
		222CBA1922036405000864DF /* Assets.xcassets */ = {isa = PBXFileReference; lastKnownFileType = folder.assetcatalog; path = Assets.xcassets; sourceTree = "<group>"; };
		222CBA1C22036405000864DF /* Base */ = {isa = PBXFileReference; lastKnownFileType = file.storyboard; name = Base; path = Base.lproj/LaunchScreen.storyboard; sourceTree = "<group>"; };
		222CBA1E22036405000864DF /* Info.plist */ = {isa = PBXFileReference; lastKnownFileType = text.plist.xml; path = Info.plist; sourceTree = "<group>"; };
		222CBA2422036447000864DF /* FindANinja-Bridging-Header.h */ = {isa = PBXFileReference; lastKnownFileType = sourcecode.c.h; path = "FindANinja-Bridging-Header.h"; sourceTree = "<group>"; };
		222CBA2522036448000864DF /* Ninja.h */ = {isa = PBXFileReference; lastKnownFileType = sourcecode.c.h; path = Ninja.h; sourceTree = "<group>"; };
		222CBA2622036448000864DF /* Ninja.m */ = {isa = PBXFileReference; lastKnownFileType = sourcecode.c.objc; path = Ninja.m; sourceTree = "<group>"; };
		222CBA282203675E000864DF /* House.swift */ = {isa = PBXFileReference; lastKnownFileType = sourcecode.swift; path = House.swift; sourceTree = "<group>"; };
		222CBA2A220375AA000864DF /* AnimatedView.h */ = {isa = PBXFileReference; lastKnownFileType = sourcecode.c.h; path = AnimatedView.h; sourceTree = "<group>"; };
		222CBA2B220375AA000864DF /* AnimatedView.m */ = {isa = PBXFileReference; lastKnownFileType = sourcecode.c.objc; path = AnimatedView.m; sourceTree = "<group>"; };
		222CBA2D220379FE000864DF /* Weapon.swift */ = {isa = PBXFileReference; lastKnownFileType = sourcecode.swift; path = Weapon.swift; sourceTree = "<group>"; };
		74176AA426B74974CA04BAE6 /* Pods-FindANinja.debug.xcconfig */ = {isa = PBXFileReference; includeInIndex = 1; lastKnownFileType = text.xcconfig; name = "Pods-FindANinja.debug.xcconfig"; path = "Pods/Target Support Files/Pods-FindANinja/Pods-FindANinja.debug.xcconfig"; sourceTree = "<group>"; };
		AA209EFC0AADB0614CD85293 /* Pods-FindANinja.release.xcconfig */ = {isa = PBXFileReference; includeInIndex = 1; lastKnownFileType = text.xcconfig; name = "Pods-FindANinja.release.xcconfig"; path = "Pods/Target Support Files/Pods-FindANinja/Pods-FindANinja.release.xcconfig"; sourceTree = "<group>"; };
		EE2EE4164330FA62AE05D1F1 /* Pods_FindANinja.framework */ = {isa = PBXFileReference; explicitFileType = wrapper.framework; includeInIndex = 0; path = Pods_FindANinja.framework; sourceTree = BUILT_PRODUCTS_DIR; };
/* End PBXFileReference section */

/* Begin PBXFrameworksBuildPhase section */
		222CBA0C22036403000864DF /* Frameworks */ = {
			isa = PBXFrameworksBuildPhase;
			buildActionMask = 2147483647;
			files = (
				A351C2274E5A2B2C97D13700 /* Pods_FindANinja.framework in Frameworks */,
			);
			runOnlyForDeploymentPostprocessing = 0;
		};
/* End PBXFrameworksBuildPhase section */

/* Begin PBXGroup section */
		222CBA0622036403000864DF = {
			isa = PBXGroup;
			children = (
				222CBA1122036403000864DF /* FindANinja */,
				222CBA1022036403000864DF /* Products */,
				55F5CED3FAC0C79B94B7DA65 /* Pods */,
				B2AEED87B0D0704B731A1858 /* Frameworks */,
			);
			sourceTree = "<group>";
		};
		222CBA1022036403000864DF /* Products */ = {
			isa = PBXGroup;
			children = (
				222CBA0F22036403000864DF /* FindANinja.app */,
			);
			name = Products;
			sourceTree = "<group>";
		};
		222CBA1122036403000864DF /* FindANinja */ = {
			isa = PBXGroup;
			children = (
				222CBA1222036403000864DF /* AppDelegate.swift */,
				222CBA1422036403000864DF /* ViewController.swift */,
				222CBA2D220379FE000864DF /* Weapon.swift */,
				222CBA2522036448000864DF /* Ninja.h */,
				222CBA2622036448000864DF /* Ninja.m */,
				222CBA2A220375AA000864DF /* AnimatedView.h */,
				222CBA2B220375AA000864DF /* AnimatedView.m */,
				222CBA282203675E000864DF /* House.swift */,
				222CBA1622036403000864DF /* Main.storyboard */,
				222CBA1922036405000864DF /* Assets.xcassets */,
				222CBA1B22036405000864DF /* LaunchScreen.storyboard */,
				222CBA1E22036405000864DF /* Info.plist */,
				222CBA2422036447000864DF /* FindANinja-Bridging-Header.h */,
			);
			path = FindANinja;
			sourceTree = "<group>";
		};
		55F5CED3FAC0C79B94B7DA65 /* Pods */ = {
			isa = PBXGroup;
			children = (
				74176AA426B74974CA04BAE6 /* Pods-FindANinja.debug.xcconfig */,
				AA209EFC0AADB0614CD85293 /* Pods-FindANinja.release.xcconfig */,
			);
			name = Pods;
			sourceTree = "<group>";
		};
		B2AEED87B0D0704B731A1858 /* Frameworks */ = {
			isa = PBXGroup;
			children = (
				EE2EE4164330FA62AE05D1F1 /* Pods_FindANinja.framework */,
			);
			name = Frameworks;
			sourceTree = "<group>";
		};
/* End PBXGroup section */

/* Begin PBXNativeTarget section */
		222CBA0E22036403000864DF /* FindANinja */ = {
			isa = PBXNativeTarget;
			buildConfigurationList = 222CBA2122036405000864DF /* Build configuration list for PBXNativeTarget "FindANinja" */;
			buildPhases = (
				F4D1AA4ED9FFFA816EE236C6 /* [CP] Check Pods Manifest.lock */,
				222CBA0B22036403000864DF /* Sources */,
				222CBA0C22036403000864DF /* Frameworks */,
				222CBA0D22036403000864DF /* Resources */,
				856C4D8419C9C66A510424CA /* [CP] Embed Pods Frameworks */,
			);
			buildRules = (
			);
			dependencies = (
			);
			name = FindANinja;
			productName = FindANinja;
			productReference = 222CBA0F22036403000864DF /* FindANinja.app */;
			productType = "com.apple.product-type.application";
		};
/* End PBXNativeTarget section */

/* Begin PBXProject section */
		222CBA0722036403000864DF /* Project object */ = {
			isa = PBXProject;
			attributes = {
				LastSwiftUpdateCheck = 1010;
				LastUpgradeCheck = 1010;
				ORGANIZATIONNAME = "meech-ward";
				TargetAttributes = {
					222CBA0E22036403000864DF = {
						CreatedOnToolsVersion = 10.1;
						LastSwiftMigration = 1010;
					};
				};
			};
			buildConfigurationList = 222CBA0A22036403000864DF /* Build configuration list for PBXProject "FindANinja" */;
			compatibilityVersion = "Xcode 9.3";
			developmentRegion = en;
			hasScannedForEncodings = 0;
			knownRegions = (
				en,
				Base,
			);
			mainGroup = 222CBA0622036403000864DF;
			productRefGroup = 222CBA1022036403000864DF /* Products */;
			projectDirPath = "";
			projectRoot = "";
			targets = (
				222CBA0E22036403000864DF /* FindANinja */,
			);
		};
/* End PBXProject section */

/* Begin PBXResourcesBuildPhase section */
		222CBA0D22036403000864DF /* Resources */ = {
			isa = PBXResourcesBuildPhase;
			buildActionMask = 2147483647;
			files = (
				222CBA1D22036405000864DF /* LaunchScreen.storyboard in Resources */,
				222CBA1A22036405000864DF /* Assets.xcassets in Resources */,
				222CBA1822036403000864DF /* Main.storyboard in Resources */,
			);
			runOnlyForDeploymentPostprocessing = 0;
		};
/* End PBXResourcesBuildPhase section */

/* Begin PBXShellScriptBuildPhase section */
		856C4D8419C9C66A510424CA /* [CP] Embed Pods Frameworks */ = {
			isa = PBXShellScriptBuildPhase;
			buildActionMask = 2147483647;
			files = (
			);
			inputPaths = (
				"${SRCROOT}/Pods/Target Support Files/Pods-FindANinja/Pods-FindANinja-frameworks.sh",
				"${BUILT_PRODUCTS_DIR}/FLAnimatedImage/FLAnimatedImage.framework",
				"${BUILT_PRODUCTS_DIR}/Realm/Realm.framework",
				"${BUILT_PRODUCTS_DIR}/RealmSwift/RealmSwift.framework",
			);
			name = "[CP] Embed Pods Frameworks";
			outputPaths = (
				"${TARGET_BUILD_DIR}/${FRAMEWORKS_FOLDER_PATH}/FLAnimatedImage.framework",
				"${TARGET_BUILD_DIR}/${FRAMEWORKS_FOLDER_PATH}/Realm.framework",
				"${TARGET_BUILD_DIR}/${FRAMEWORKS_FOLDER_PATH}/RealmSwift.framework",
			);
			runOnlyForDeploymentPostprocessing = 0;
			shellPath = /bin/sh;
			shellScript = "\"${SRCROOT}/Pods/Target Support Files/Pods-FindANinja/Pods-FindANinja-frameworks.sh\"\n";
			showEnvVarsInLog = 0;
		};
		F4D1AA4ED9FFFA816EE236C6 /* [CP] Check Pods Manifest.lock */ = {
			isa = PBXShellScriptBuildPhase;
			buildActionMask = 2147483647;
			files = (
			);
			inputPaths = (
				"${PODS_PODFILE_DIR_PATH}/Podfile.lock",
				"${PODS_ROOT}/Manifest.lock",
			);
			name = "[CP] Check Pods Manifest.lock";
			outputPaths = (
				"$(DERIVED_FILE_DIR)/Pods-FindANinja-checkManifestLockResult.txt",
			);
			runOnlyForDeploymentPostprocessing = 0;
			shellPath = /bin/sh;
			shellScript = "diff \"${PODS_PODFILE_DIR_PATH}/Podfile.lock\" \"${PODS_ROOT}/Manifest.lock\" > /dev/null\nif [ $? != 0 ] ; then\n    # print error to STDERR\n    echo \"error: The sandbox is not in sync with the Podfile.lock. Run 'pod install' or update your CocoaPods installation.\" >&2\n    exit 1\nfi\n# This output is used by Xcode 'outputs' to avoid re-running this script phase.\necho \"SUCCESS\" > \"${SCRIPT_OUTPUT_FILE_0}\"\n";
			showEnvVarsInLog = 0;
		};
/* End PBXShellScriptBuildPhase section */

/* Begin PBXSourcesBuildPhase section */
		222CBA0B22036403000864DF /* Sources */ = {
			isa = PBXSourcesBuildPhase;
			buildActionMask = 2147483647;
			files = (
				222CBA2C220375AA000864DF /* AnimatedView.m in Sources */,
				222CBA2722036448000864DF /* Ninja.m in Sources */,
				222CBA1522036403000864DF /* ViewController.swift in Sources */,
				222CBA292203675E000864DF /* House.swift in Sources */,
				222CBA1322036403000864DF /* AppDelegate.swift in Sources */,
				222CBA2E220379FE000864DF /* Weapon.swift in Sources */,
			);
			runOnlyForDeploymentPostprocessing = 0;
		};
/* End PBXSourcesBuildPhase section */

/* Begin PBXVariantGroup section */
		222CBA1622036403000864DF /* Main.storyboard */ = {
			isa = PBXVariantGroup;
			children = (
				222CBA1722036403000864DF /* Base */,
			);
			name = Main.storyboard;
			sourceTree = "<group>";
		};
		222CBA1B22036405000864DF /* LaunchScreen.storyboard */ = {
			isa = PBXVariantGroup;
			children = (
				222CBA1C22036405000864DF /* Base */,
			);
			name = LaunchScreen.storyboard;
			sourceTree = "<group>";
		};
/* End PBXVariantGroup section */

/* Begin XCBuildConfiguration section */
		222CBA1F22036405000864DF /* Debug */ = {
			isa = XCBuildConfiguration;
			buildSettings = {
				ALWAYS_SEARCH_USER_PATHS = NO;
				CLANG_ANALYZER_NONNULL = YES;
				CLANG_ANALYZER_NUMBER_OBJECT_CONVERSION = YES_AGGRESSIVE;
				CLANG_CXX_LANGUAGE_STANDARD = "gnu++14";
				CLANG_CXX_LIBRARY = "libc++";
				CLANG_ENABLE_MODULES = YES;
				CLANG_ENABLE_OBJC_ARC = YES;
				CLANG_ENABLE_OBJC_WEAK = YES;
				CLANG_WARN_BLOCK_CAPTURE_AUTORELEASING = YES;
				CLANG_WARN_BOOL_CONVERSION = YES;
				CLANG_WARN_COMMA = YES;
				CLANG_WARN_CONSTANT_CONVERSION = YES;
				CLANG_WARN_DEPRECATED_OBJC_IMPLEMENTATIONS = YES;
				CLANG_WARN_DIRECT_OBJC_ISA_USAGE = YES_ERROR;
				CLANG_WARN_DOCUMENTATION_COMMENTS = YES;
				CLANG_WARN_EMPTY_BODY = YES;
				CLANG_WARN_ENUM_CONVERSION = YES;
				CLANG_WARN_INFINITE_RECURSION = YES;
				CLANG_WARN_INT_CONVERSION = YES;
				CLANG_WARN_NON_LITERAL_NULL_CONVERSION = YES;
				CLANG_WARN_OBJC_IMPLICIT_RETAIN_SELF = YES;
				CLANG_WARN_OBJC_LITERAL_CONVERSION = YES;
				CLANG_WARN_OBJC_ROOT_CLASS = YES_ERROR;
				CLANG_WARN_RANGE_LOOP_ANALYSIS = YES;
				CLANG_WARN_STRICT_PROTOTYPES = YES;
				CLANG_WARN_SUSPICIOUS_MOVE = YES;
				CLANG_WARN_UNGUARDED_AVAILABILITY = YES_AGGRESSIVE;
				CLANG_WARN_UNREACHABLE_CODE = YES;
				CLANG_WARN__DUPLICATE_METHOD_MATCH = YES;
				CODE_SIGN_IDENTITY = "iPhone Developer";
				COPY_PHASE_STRIP = NO;
				DEBUG_INFORMATION_FORMAT = dwarf;
				ENABLE_STRICT_OBJC_MSGSEND = YES;
				ENABLE_TESTABILITY = YES;
				GCC_C_LANGUAGE_STANDARD = gnu11;
				GCC_DYNAMIC_NO_PIC = NO;
				GCC_NO_COMMON_BLOCKS = YES;
				GCC_OPTIMIZATION_LEVEL = 0;
				GCC_PREPROCESSOR_DEFINITIONS = (
					"DEBUG=1",
					"$(inherited)",
				);
				GCC_WARN_64_TO_32_BIT_CONVERSION = YES;
				GCC_WARN_ABOUT_RETURN_TYPE = YES_ERROR;
				GCC_WARN_UNDECLARED_SELECTOR = YES;
				GCC_WARN_UNINITIALIZED_AUTOS = YES_AGGRESSIVE;
				GCC_WARN_UNUSED_FUNCTION = YES;
				GCC_WARN_UNUSED_VARIABLE = YES;
				IPHONEOS_DEPLOYMENT_TARGET = 12.1;
				MTL_ENABLE_DEBUG_INFO = INCLUDE_SOURCE;
				MTL_FAST_MATH = YES;
				ONLY_ACTIVE_ARCH = YES;
				SDKROOT = iphoneos;
				SWIFT_ACTIVE_COMPILATION_CONDITIONS = DEBUG;
				SWIFT_OPTIMIZATION_LEVEL = "-Onone";
			};
			name = Debug;
		};
		222CBA2022036405000864DF /* Release */ = {
			isa = XCBuildConfiguration;
			buildSettings = {
				ALWAYS_SEARCH_USER_PATHS = NO;
				CLANG_ANALYZER_NONNULL = YES;
				CLANG_ANALYZER_NUMBER_OBJECT_CONVERSION = YES_AGGRESSIVE;
				CLANG_CXX_LANGUAGE_STANDARD = "gnu++14";
				CLANG_CXX_LIBRARY = "libc++";
				CLANG_ENABLE_MODULES = YES;
				CLANG_ENABLE_OBJC_ARC = YES;
				CLANG_ENABLE_OBJC_WEAK = YES;
				CLANG_WARN_BLOCK_CAPTURE_AUTORELEASING = YES;
				CLANG_WARN_BOOL_CONVERSION = YES;
				CLANG_WARN_COMMA = YES;
				CLANG_WARN_CONSTANT_CONVERSION = YES;
				CLANG_WARN_DEPRECATED_OBJC_IMPLEMENTATIONS = YES;
				CLANG_WARN_DIRECT_OBJC_ISA_USAGE = YES_ERROR;
				CLANG_WARN_DOCUMENTATION_COMMENTS = YES;
				CLANG_WARN_EMPTY_BODY = YES;
				CLANG_WARN_ENUM_CONVERSION = YES;
				CLANG_WARN_INFINITE_RECURSION = YES;
				CLANG_WARN_INT_CONVERSION = YES;
				CLANG_WARN_NON_LITERAL_NULL_CONVERSION = YES;
				CLANG_WARN_OBJC_IMPLICIT_RETAIN_SELF = YES;
				CLANG_WARN_OBJC_LITERAL_CONVERSION = YES;
				CLANG_WARN_OBJC_ROOT_CLASS = YES_ERROR;
				CLANG_WARN_RANGE_LOOP_ANALYSIS = YES;
				CLANG_WARN_STRICT_PROTOTYPES = YES;
				CLANG_WARN_SUSPICIOUS_MOVE = YES;
				CLANG_WARN_UNGUARDED_AVAILABILITY = YES_AGGRESSIVE;
				CLANG_WARN_UNREACHABLE_CODE = YES;
				CLANG_WARN__DUPLICATE_METHOD_MATCH = YES;
				CODE_SIGN_IDENTITY = "iPhone Developer";
				COPY_PHASE_STRIP = NO;
				DEBUG_INFORMATION_FORMAT = "dwarf-with-dsym";
				ENABLE_NS_ASSERTIONS = NO;
				ENABLE_STRICT_OBJC_MSGSEND = YES;
				GCC_C_LANGUAGE_STANDARD = gnu11;
				GCC_NO_COMMON_BLOCKS = YES;
				GCC_WARN_64_TO_32_BIT_CONVERSION = YES;
				GCC_WARN_ABOUT_RETURN_TYPE = YES_ERROR;
				GCC_WARN_UNDECLARED_SELECTOR = YES;
				GCC_WARN_UNINITIALIZED_AUTOS = YES_AGGRESSIVE;
				GCC_WARN_UNUSED_FUNCTION = YES;
				GCC_WARN_UNUSED_VARIABLE = YES;
				IPHONEOS_DEPLOYMENT_TARGET = 12.1;
				MTL_ENABLE_DEBUG_INFO = NO;
				MTL_FAST_MATH = YES;
				SDKROOT = iphoneos;
				SWIFT_COMPILATION_MODE = wholemodule;
				SWIFT_OPTIMIZATION_LEVEL = "-O";
				VALIDATE_PRODUCT = YES;
			};
			name = Release;
		};
		222CBA2222036405000864DF /* Debug */ = {
			isa = XCBuildConfiguration;
			baseConfigurationReference = 74176AA426B74974CA04BAE6 /* Pods-FindANinja.debug.xcconfig */;
			buildSettings = {
				ASSETCATALOG_COMPILER_APPICON_NAME = AppIcon;
				CLANG_ENABLE_MODULES = YES;
				CODE_SIGN_STYLE = Automatic;
				DEFINES_MODULE = YES;
				DEVELOPMENT_TEAM = 7GT6EK8D4J;
				INFOPLIST_FILE = FindANinja/Info.plist;
				LD_RUNPATH_SEARCH_PATHS = (
					"$(inherited)",
					"@executable_path/Frameworks",
				);
				PRODUCT_BUNDLE_IDENTIFIER = "com.meech-ward.FindANinja";
				PRODUCT_NAME = "$(TARGET_NAME)";
				SWIFT_OBJC_BRIDGING_HEADER = "FindANinja/FindANinja-Bridging-Header.h";
				SWIFT_OPTIMIZATION_LEVEL = "-Onone";
				SWIFT_VERSION = 4.2;
				TARGETED_DEVICE_FAMILY = "1,2";
			};
			name = Debug;
		};
		222CBA2322036405000864DF /* Release */ = {
			isa = XCBuildConfiguration;
			baseConfigurationReference = AA209EFC0AADB0614CD85293 /* Pods-FindANinja.release.xcconfig */;
			buildSettings = {
				ASSETCATALOG_COMPILER_APPICON_NAME = AppIcon;
				CLANG_ENABLE_MODULES = YES;
				CODE_SIGN_STYLE = Automatic;
				DEFINES_MODULE = YES;
				DEVELOPMENT_TEAM = 7GT6EK8D4J;
				INFOPLIST_FILE = FindANinja/Info.plist;
				LD_RUNPATH_SEARCH_PATHS = (
					"$(inherited)",
					"@executable_path/Frameworks",
				);
				PRODUCT_BUNDLE_IDENTIFIER = "com.meech-ward.FindANinja";
				PRODUCT_NAME = "$(TARGET_NAME)";
				SWIFT_OBJC_BRIDGING_HEADER = "FindANinja/FindANinja-Bridging-Header.h";
				SWIFT_VERSION = 4.2;
				TARGETED_DEVICE_FAMILY = "1,2";
			};
			name = Release;
		};
/* End XCBuildConfiguration section */

/* Begin XCConfigurationList section */
		222CBA0A22036403000864DF /* Build configuration list for PBXProject "FindANinja" */ = {
			isa = XCConfigurationList;
			buildConfigurations = (
				222CBA1F22036405000864DF /* Debug */,
				222CBA2022036405000864DF /* Release */,
			);
			defaultConfigurationIsVisible = 0;
			defaultConfigurationName = Release;
		};
		222CBA2122036405000864DF /* Build configuration list for PBXNativeTarget "FindANinja" */ = {
			isa = XCConfigurationList;
			buildConfigurations = (
				222CBA2222036405000864DF /* Debug */,
				222CBA2322036405000864DF /* Release */,
			);
			defaultConfigurationIsVisible = 0;
			defaultConfigurationName = Release;
		};
/* End XCConfigurationList section */
	};
	rootObject = 222CBA0722036403000864DF /* Project object */;
}
